
Microsoft Visual Studio Solution File, Format Version 12.00
# Visual Studio Version 17
VisualStudioVersion = 17.0.31717.71
MinimumVisualStudioVersion = 10.0.40219.1
Project("{2150E333-8FDC-42A3-9474-1A3956D46DE8}") = "SolutionItems", "SolutionItems", "{655830BC-5BEA-422B-B354-C30542CD224B}"
	ProjectSection(SolutionItems) = preProject
		..\.gitignore = ..\.gitignore
		..\LICENSE = ..\LICENSE
		..\README.md = ..\README.md
	EndProjectSection
EndProject
Project("{9A19103F-16F7-4668-BE54-9A1E7A4F7556}") = "SecretsForMe.App", "SecretsForMe.App\SecretsForMe.App.csproj", "{D51DA8FD-85AD-4580-814F-D7E95DFF10E3}"
EndProject
Project("{9A19103F-16F7-4668-BE54-9A1E7A4F7556}") = "SecretsForMe.Core", "SecretsForMe.Core\SecretsForMe.Core.csproj", "{0B97C86A-323B-4C5B-9732-FA120D1ED592}"
EndProject
Project("{9A19103F-16F7-4668-BE54-9A1E7A4F7556}") = "SecretsForMe.App.Tests", "SecretsForMe.App.Tests\SecretsForMe.App.Tests.csproj", "{9B4C95B8-94D0-4C73-848D-F37029CE6401}"
EndProject
Global
	GlobalSection(SolutionConfigurationPlatforms) = preSolution
		Debug|Any CPU = Debug|Any CPU
		Release|Any CPU = Release|Any CPU
	EndGlobalSection
	GlobalSection(ProjectConfigurationPlatforms) = postSolution
		{D51DA8FD-85AD-4580-814F-D7E95DFF10E3}.Debug|Any CPU.ActiveCfg = Debug|Any CPU
		{D51DA8FD-85AD-4580-814F-D7E95DFF10E3}.Debug|Any CPU.Build.0 = Debug|Any CPU
		{D51DA8FD-85AD-4580-814F-D7E95DFF10E3}.Release|Any CPU.ActiveCfg = Release|Any CPU
		{D51DA8FD-85AD-4580-814F-D7E95DFF10E3}.Release|Any CPU.Build.0 = Release|Any CPU
		{0B97C86A-323B-4C5B-9732-FA120D1ED592}.Debug|Any CPU.ActiveCfg = Debug|Any CPU
		{0B97C86A-323B-4C5B-9732-FA120D1ED592}.Debug|Any CPU.Build.0 = Debug|Any CPU
		{0B97C86A-323B-4C5B-9732-FA120D1ED592}.Release|Any CPU.ActiveCfg = Release|Any CPU
		{0B97C86A-323B-4C5B-9732-FA120D1ED592}.Release|Any CPU.Build.0 = Release|Any CPU
		{9B4C95B8-94D0-4C73-848D-F37029CE6401}.Debug|Any CPU.ActiveCfg = Debug|Any CPU
		{9B4C95B8-94D0-4C73-848D-F37029CE6401}.Debug|Any CPU.Build.0 = Debug|Any CPU
		{9B4C95B8-94D0-4C73-848D-F37029CE6401}.Release|Any CPU.ActiveCfg = Release|Any CPU
		{9B4C95B8-94D0-4C73-848D-F37029CE6401}.Release|Any CPU.Build.0 = Release|Any CPU
	EndGlobalSection
	GlobalSection(SolutionProperties) = preSolution
		HideSolutionNode = FALSE
	EndGlobalSection
	GlobalSection(ExtensibilityGlobals) = postSolution
		SolutionGuid = {DE6C4AC1-24CF-41AB-B641-7FEDB8967FFF}
	EndGlobalSection
EndGlobal
